
Microsoft Visual Studio Solution File, Format Version 12.00
# Visual Studio Version 17
VisualStudioVersion = 17.2.32630.192
MinimumVisualStudioVersion = 10.0.40219.1
Project("{FAE04EC0-301F-11D3-BF4B-00C04F79EFBC}") = "ToDoApp", "ToDoApp\ToDoApp.csproj", "{7442A545-907A-4D3D-B655-1D8BE5DF48FF}"
EndProject
Global
	GlobalSection(SolutionConfigurationPlatforms) = preSolution
		Debug|Any CPU = Debug|Any CPU
		Release|Any CPU = Release|Any CPU
	EndGlobalSection
	GlobalSection(ProjectConfigurationPlatforms) = postSolution
		{7442A545-907A-4D3D-B655-1D8BE5DF48FF}.Debug|Any CPU.ActiveCfg = Debug|Any CPU
		{7442A545-907A-4D3D-B655-1D8BE5DF48FF}.Debug|Any CPU.Build.0 = Debug|Any CPU
		{7442A545-907A-4D3D-B655-1D8BE5DF48FF}.Release|Any CPU.ActiveCfg = Release|Any CPU
		{7442A545-907A-4D3D-B655-1D8BE5DF48FF}.Release|Any CPU.Build.0 = Release|Any CPU
	EndGlobalSection
	GlobalSection(SolutionProperties) = preSolution
		HideSolutionNode = FALSE
	EndGlobalSection
	GlobalSection(ExtensibilityGlobals) = postSolution
		SolutionGuid = {F2410711-46E0-405E-8AC7-25FE7059A20A}
	EndGlobalSection
EndGlobal
